
Microsoft Visual Studio Solution File, Format Version 12.00
# Visual Studio Version 17
VisualStudioVersion = 17.4.33103.184
MinimumVisualStudioVersion = 10.0.40219.1
Project("{FAE04EC0-301F-11D3-BF4B-00C04F79EFBC}") = "PomodoroClock", "PomodoroClock.csproj", "{A589BA5F-6F16-42BF-B762-0EE834D1E65C}"
EndProject
Global
	GlobalSection(SolutionConfigurationPlatforms) = preSolution
		Debug|Any CPU = Debug|Any CPU
		Release|Any CPU = Release|Any CPU
	EndGlobalSection
	GlobalSection(ProjectConfigurationPlatforms) = postSolution
		{A589BA5F-6F16-42BF-B762-0EE834D1E65C}.Debug|Any CPU.ActiveCfg = Debug|Any CPU
		{A589BA5F-6F16-42BF-B762-0EE834D1E65C}.Debug|Any CPU.Build.0 = Debug|Any CPU
		{A589BA5F-6F16-42BF-B762-0EE834D1E65C}.Release|Any CPU.ActiveCfg = Release|Any CPU
		{A589BA5F-6F16-42BF-B762-0EE834D1E65C}.Release|Any CPU.Build.0 = Release|Any CPU
	EndGlobalSection
	GlobalSection(SolutionProperties) = preSolution
		HideSolutionNode = FALSE
	EndGlobalSection
	GlobalSection(ExtensibilityGlobals) = postSolution
		SolutionGuid = {3BAF4BCD-BEB6-4E39-AF5A-615F32DC3FCC}
	EndGlobalSection
EndGlobal
